{
  "name": "js-pipeline",
  "lockfileVersion": 2,
  "requires": true,
  "packages": {
    "": {
      "dependencies": {
        "noop": "^1.0.1"
      }
    },
    "node_modules/noop": {
      "version": "1.0.1",
      "resolved": "https://registry.npmjs.org/noop/-/noop-1.0.1.tgz",
      "integrity": "sha512-Ie26MApU6CpCVRyp1GHFSQsY+zKe3uUXqQnu6bW9dYO/Cb1cpp34nvfi69WHpMvxLeG3Bhu9YV9ItP8z5z1HCQ=="
    }
  },
  "dependencies": {
    "noop": {
      "version": "1.0.1",
      "resolved": "https://registry.npmjs.org/noop/-/noop-1.0.1.tgz",
      "integrity": "sha512-Ie26MApU6CpCVRyp1GHFSQsY+zKe3uUXqQnu6bW9dYO/Cb1cpp34nvfi69WHpMvxLeG3Bhu9YV9ItP8z5z1HCQ=="
    }
  }
}
